
Microsoft Visual Studio Solution File, Format Version 12.00
# Visual Studio 2013
VisualStudioVersion = 12.0.21005.1
MinimumVisualStudioVersion = 10.0.40219.1
Project("{FAE04EC0-301F-11D3-BF4B-00C04F79EFBC}") = "DemoServerClientComunication", "DemoServerClientComunication\DemoServerClientComunication.csproj", "{581D3F05-F8D9-4252-A21D-481C1C6F9978}"
EndProject
Global
	GlobalSection(SolutionConfigurationPlatforms) = preSolution
		Debug|Any CPU = Debug|Any CPU
		Release|Any CPU = Release|Any CPU
	EndGlobalSection
	GlobalSection(ProjectConfigurationPlatforms) = postSolution
		{581D3F05-F8D9-4252-A21D-481C1C6F9978}.Debug|Any CPU.ActiveCfg = Debug|Any CPU
		{581D3F05-F8D9-4252-A21D-481C1C6F9978}.Debug|Any CPU.Build.0 = Debug|Any CPU
		{581D3F05-F8D9-4252-A21D-481C1C6F9978}.Release|Any CPU.ActiveCfg = Release|Any CPU
		{581D3F05-F8D9-4252-A21D-481C1C6F9978}.Release|Any CPU.Build.0 = Release|Any CPU
	EndGlobalSection
	GlobalSection(SolutionProperties) = preSolution
		HideSolutionNode = FALSE
	EndGlobalSection
EndGlobal
